
Microsoft Visual Studio Solution File, Format Version 12.00
# Visual Studio Version 17
VisualStudioVersion = 17.14.36310.24 d17.14
MinimumVisualStudioVersion = 10.0.40219.1
Project("{FAE04EC0-301F-11D3-BF4B-00C04F79EFBC}") = "PET", "PET\PET.csproj", "{3396D90A-4BEC-44B3-A554-9A818448A887}"
EndProject
Global
	GlobalSection(SolutionConfigurationPlatforms) = preSolution
		Debug|Any CPU = Debug|Any CPU
		Release|Any CPU = Release|Any CPU
	EndGlobalSection
	GlobalSection(ProjectConfigurationPlatforms) = postSolution
		{3396D90A-4BEC-44B3-A554-9A818448A887}.Debug|Any CPU.ActiveCfg = Debug|Any CPU
		{3396D90A-4BEC-44B3-A554-9A818448A887}.Debug|Any CPU.Build.0 = Debug|Any CPU
		{3396D90A-4BEC-44B3-A554-9A818448A887}.Release|Any CPU.ActiveCfg = Release|Any CPU
		{3396D90A-4BEC-44B3-A554-9A818448A887}.Release|Any CPU.Build.0 = Release|Any CPU
	EndGlobalSection
	GlobalSection(SolutionProperties) = preSolution
		HideSolutionNode = FALSE
	EndGlobalSection
	GlobalSection(ExtensibilityGlobals) = postSolution
		SolutionGuid = {F46017FA-849E-49D1-8764-102364F1AD69}
	EndGlobalSection
EndGlobal
